
Microsoft Visual Studio Solution File, Format Version 12.00
# Visual Studio 15
VisualStudioVersion = 15.0.27703.2000
MinimumVisualStudioVersion = 10.0.40219.1
Project("{FAE04EC0-301F-11D3-BF4B-00C04F79EFBC}") = "testing-again", "testing-again\testing-again.csproj", "{B28FB945-648B-4157-8B51-D01996E2272C}"
EndProject
Global
	GlobalSection(SolutionConfigurationPlatforms) = preSolution
		Debug|Any CPU = Debug|Any CPU
		Release|Any CPU = Release|Any CPU
	EndGlobalSection
	GlobalSection(ProjectConfigurationPlatforms) = postSolution
		{B28FB945-648B-4157-8B51-D01996E2272C}.Debug|Any CPU.ActiveCfg = Debug|Any CPU
		{B28FB945-648B-4157-8B51-D01996E2272C}.Debug|Any CPU.Build.0 = Debug|Any CPU
		{B28FB945-648B-4157-8B51-D01996E2272C}.Release|Any CPU.ActiveCfg = Release|Any CPU
		{B28FB945-648B-4157-8B51-D01996E2272C}.Release|Any CPU.Build.0 = Release|Any CPU
	EndGlobalSection
	GlobalSection(SolutionProperties) = preSolution
		HideSolutionNode = FALSE
	EndGlobalSection
	GlobalSection(ExtensibilityGlobals) = postSolution
		SolutionGuid = {0CBBAFEA-7272-46C6-87C4-D9D64A2233FE}
	EndGlobalSection
EndGlobal
